
Microsoft Visual Studio Solution File, Format Version 12.00
# Visual Studio Version 17
VisualStudioVersion = 17.7.34202.233
MinimumVisualStudioVersion = 10.0.40219.1
Project("{9A19103F-16F7-4668-BE54-9A1E7A4F7556}") = "TrilhaApiDesafio", "TrilhaApiDesafio.csproj", "{93B3DCA6-3230-456F-B805-DD952E8E6DD1}"
EndProject
Global
	GlobalSection(SolutionConfigurationPlatforms) = preSolution
		Debug|Any CPU = Debug|Any CPU
		Release|Any CPU = Release|Any CPU
	EndGlobalSection
	GlobalSection(ProjectConfigurationPlatforms) = postSolution
		{93B3DCA6-3230-456F-B805-DD952E8E6DD1}.Debug|Any CPU.ActiveCfg = Debug|Any CPU
		{93B3DCA6-3230-456F-B805-DD952E8E6DD1}.Debug|Any CPU.Build.0 = Debug|Any CPU
		{93B3DCA6-3230-456F-B805-DD952E8E6DD1}.Release|Any CPU.ActiveCfg = Release|Any CPU
		{93B3DCA6-3230-456F-B805-DD952E8E6DD1}.Release|Any CPU.Build.0 = Release|Any CPU
	EndGlobalSection
	GlobalSection(SolutionProperties) = preSolution
		HideSolutionNode = FALSE
	EndGlobalSection
	GlobalSection(ExtensibilityGlobals) = postSolution
		SolutionGuid = {F99815C8-AC74-45A2-B2FC-B7A9F6A9F524}
	EndGlobalSection
EndGlobal
